# This file is autogenerated, do not edit; changes may be undone by the next 'dep ensure'.


[[projects]]
  name = "github.com/davecgh/go-spew"
  packages = ["spew"]
  revision = "346938d642f2ec3594ed81d874461961cd0faa76"
  version = "v1.1.0"

[[projects]]
  name = "github.com/pmezard/go-difflib"
  packages = ["difflib"]
  revision = "792786c7400a136282c1664665ae0a8db921c6c2"
  version = "v1.0.0"

[[projects]]
  name = "github.com/stretchr/testify"
  packages = ["assert","require","suite"]
  revision = "69483b4bd14f5845b5a1e55bca19e954e827f1d0"
  version = "v1.1.4"

[[projects]]
  branch = "master"
  name = "golang.org/x/crypto"
  packages = ["cast5","openpgp","openpgp/armor","openpgp/clearsign","openpgp/elgamal","openpgp/errors","openpgp/packet","openpgp/s2k"]
  revision = "e1a4589e7d3ea14a3352255d04b6f1a418845e5e"

[solve-meta]
  analyzer-name = "dep"
  analyzer-version = 1
  inputs-digest = "4fe170334603e2ee2092c4dcb62076416836204f8755e1b295d6da91ae171ce3"
  solver-name = "gps-cdcl"
  solver-version = 1
